
Microsoft Visual Studio Solution File, Format Version 12.00
# Visual Studio Version 16
VisualStudioVersion = 16.0.30011.22
MinimumVisualStudioVersion = 10.0.40219.1
Project("{9A19103F-16F7-4668-BE54-9A1E7A4F7556}") = "MaskManagement", "MaskManagement\MaskManagement.csproj", "{C3A64707-2F53-4F27-805A-E0695266ECE9}"
EndProject
Global
	GlobalSection(SolutionConfigurationPlatforms) = preSolution
		Debug|Any CPU = Debug|Any CPU
		Release|Any CPU = Release|Any CPU
	EndGlobalSection
	GlobalSection(ProjectConfigurationPlatforms) = postSolution
		{C3A64707-2F53-4F27-805A-E0695266ECE9}.Debug|Any CPU.ActiveCfg = Debug|Any CPU
		{C3A64707-2F53-4F27-805A-E0695266ECE9}.Debug|Any CPU.Build.0 = Debug|Any CPU
		{C3A64707-2F53-4F27-805A-E0695266ECE9}.Release|Any CPU.ActiveCfg = Release|Any CPU
		{C3A64707-2F53-4F27-805A-E0695266ECE9}.Release|Any CPU.Build.0 = Release|Any CPU
	EndGlobalSection
	GlobalSection(SolutionProperties) = preSolution
		HideSolutionNode = FALSE
	EndGlobalSection
	GlobalSection(ExtensibilityGlobals) = postSolution
		SolutionGuid = {C44FA716-14A2-459B-982C-830DE72C87C2}
	EndGlobalSection
EndGlobal
